Microsoft Visual Studio Solution File, Format Version 12.00
# Visual Studio Version 17
VisualStudioVersion = 17.5.2.0
MinimumVisualStudioVersion = 10.0.40219.1
Project("{FAE04EC0-301F-11D3-BF4B-00C04F79EFBC}") = "DocuVaultApp", "DocuVaultApp\DocuVaultApp.csproj", "{DF684A31-4B8F-D253-AD8A-07A919DE12FD}"
EndProject
Global
	GlobalSection(SolutionConfigurationPlatforms) = preSolution
		Debug|Any CPU = Debug|Any CPU
		Release|Any CPU = Release|Any CPU
	EndGlobalSection
	GlobalSection(ProjectConfigurationPlatforms) = postSolution
		{DF684A31-4B8F-D253-AD8A-07A919DE12FD}.Debug|Any CPU.ActiveCfg = Debug|Any CPU
		{DF684A31-4B8F-D253-AD8A-07A919DE12FD}.Debug|Any CPU.Build.0 = Debug|Any CPU
		{DF684A31-4B8F-D253-AD8A-07A919DE12FD}.Release|Any CPU.ActiveCfg = Release|Any CPU
		{DF684A31-4B8F-D253-AD8A-07A919DE12FD}.Release|Any CPU.Build.0 = Release|Any CPU
	EndGlobalSection
	GlobalSection(SolutionProperties) = preSolution
		HideSolutionNode = FALSE
	EndGlobalSection
	GlobalSection(ExtensibilityGlobals) = postSolution
		SolutionGuid = {A683702E-C173-4791-BD52-72A0C7546A74}
	EndGlobalSection
EndGlobal
